// !$*UTF8*$!
{
	archiveVersion = 1;
	classes = {
	};
	objectVersion = 56;
	objects = {

/* Begin PBXBuildFile section */
		221FFE492AC884730062AA32 /* AppDelegate.swift in Sources */ = {isa = PBXBuildFile; fileRef = 221FFE482AC884730062AA32 /* AppDelegate.swift */; };
		221FFE4B2AC884730062AA32 /* SceneDelegate.swift in Sources */ = {isa = PBXBuildFile; fileRef = 221FFE4A2AC884730062AA32 /* SceneDelegate.swift */; };
		221FFE4D2AC884730062AA32 /* HomeViewController.swift in Sources */ = {isa = PBXBuildFile; fileRef = 221FFE4C2AC884730062AA32 /* HomeViewController.swift */; };
		221FFE522AC884740062AA32 /* Assets.xcassets in Resources */ = {isa = PBXBuildFile; fileRef = 221FFE512AC884740062AA32 /* Assets.xcassets */; };
		221FFE552AC884740062AA32 /* LaunchScreen.storyboard in Resources */ = {isa = PBXBuildFile; fileRef = 221FFE532AC884740062AA32 /* LaunchScreen.storyboard */; };
		221FFE642AC887570062AA32 /* TabBarViewController.swift in Sources */ = {isa = PBXBuildFile; fileRef = 221FFE632AC887570062AA32 /* TabBarViewController.swift */; };
		221FFE662AC887860062AA32 /* SearchViewController.swift in Sources */ = {isa = PBXBuildFile; fileRef = 221FFE652AC887860062AA32 /* SearchViewController.swift */; };
		221FFE682AC8879F0062AA32 /* LibraryViewController.swift in Sources */ = {isa = PBXBuildFile; fileRef = 221FFE672AC8879F0062AA32 /* LibraryViewController.swift */; };
		221FFE6C2AC888000062AA32 /* AuthViewController.swift in Sources */ = {isa = PBXBuildFile; fileRef = 221FFE6B2AC888000062AA32 /* AuthViewController.swift */; };
		221FFE6E2AC888070062AA32 /* WelcomeViewController.swift in Sources */ = {isa = PBXBuildFile; fileRef = 221FFE6D2AC888070062AA32 /* WelcomeViewController.swift */; };
		221FFE702AC8880E0062AA32 /* SettingsViewController.swift in Sources */ = {isa = PBXBuildFile; fileRef = 221FFE6F2AC8880E0062AA32 /* SettingsViewController.swift */; };
		221FFE742AC888240062AA32 /* ProfileViewController.swift in Sources */ = {isa = PBXBuildFile; fileRef = 221FFE732AC888240062AA32 /* ProfileViewController.swift */; };
		221FFE762AC888310062AA32 /* PlayListViewController.swift in Sources */ = {isa = PBXBuildFile; fileRef = 221FFE752AC888310062AA32 /* PlayListViewController.swift */; };
		221FFE782AC8884D0062AA32 /* SearchResultViewController.swift in Sources */ = {isa = PBXBuildFile; fileRef = 221FFE772AC8884D0062AA32 /* SearchResultViewController.swift */; };
		221FFE7A2AC889110062AA32 /* AuthManager.swift in Sources */ = {isa = PBXBuildFile; fileRef = 221FFE792AC889110062AA32 /* AuthManager.swift */; };
		221FFE7C2AC889180062AA32 /* APICaller.swift in Sources */ = {isa = PBXBuildFile; fileRef = 221FFE7B2AC889180062AA32 /* APICaller.swift */; };
		221FFE7E2AC889240062AA32 /* HapticsManager.swift in Sources */ = {isa = PBXBuildFile; fileRef = 221FFE7D2AC889240062AA32 /* HapticsManager.swift */; };
		221FFE802AC889720062AA32 /* Playlist.swift in Sources */ = {isa = PBXBuildFile; fileRef = 221FFE7F2AC889720062AA32 /* Playlist.swift */; };
		221FFE822AC8897E0062AA32 /* AudioTrack.swift in Sources */ = {isa = PBXBuildFile; fileRef = 221FFE812AC8897E0062AA32 /* AudioTrack.swift */; };
		221FFE842AC8898C0062AA32 /* Artist.swift in Sources */ = {isa = PBXBuildFile; fileRef = 221FFE832AC8898C0062AA32 /* Artist.swift */; };
		221FFE862AC889930062AA32 /* UserProfile.swift in Sources */ = {isa = PBXBuildFile; fileRef = 221FFE852AC889930062AA32 /* UserProfile.swift */; };
/* End PBXBuildFile section */

/* Begin PBXFileReference section */
		221FFE452AC884730062AA32 /* SpotifyApp.app */ = {isa = PBXFileReference; explicitFileType = wrapper.application; includeInIndex = 0; path = SpotifyApp.app; sourceTree = BUILT_PRODUCTS_DIR; };
		221FFE482AC884730062AA32 /* AppDelegate.swift */ = {isa = PBXFileReference; lastKnownFileType = sourcecode.swift; path = AppDelegate.swift; sourceTree = "<group>"; };
		221FFE4A2AC884730062AA32 /* SceneDelegate.swift */ = {isa = PBXFileReference; lastKnownFileType = sourcecode.swift; path = SceneDelegate.swift; sourceTree = "<group>"; };
		221FFE4C2AC884730062AA32 /* HomeViewController.swift */ = {isa = PBXFileReference; lastKnownFileType = sourcecode.swift; path = HomeViewController.swift; sourceTree = "<group>"; };
		221FFE512AC884740062AA32 /* Assets.xcassets */ = {isa = PBXFileReference; lastKnownFileType = folder.assetcatalog; path = Assets.xcassets; sourceTree = "<group>"; };
		221FFE542AC884740062AA32 /* Base */ = {isa = PBXFileReference; lastKnownFileType = file.storyboard; name = Base; path = Base.lproj/LaunchScreen.storyboard; sourceTree = "<group>"; };
		221FFE562AC884740062AA32 /* Info.plist */ = {isa = PBXFileReference; lastKnownFileType = text.plist.xml; path = Info.plist; sourceTree = "<group>"; };
		221FFE632AC887570062AA32 /* TabBarViewController.swift */ = {isa = PBXFileReference; lastKnownFileType = sourcecode.swift; path = TabBarViewController.swift; sourceTree = "<group>"; };
		221FFE652AC887860062AA32 /* SearchViewController.swift */ = {isa = PBXFileReference; lastKnownFileType = sourcecode.swift; path = SearchViewController.swift; sourceTree = "<group>"; };
		221FFE672AC8879F0062AA32 /* LibraryViewController.swift */ = {isa = PBXFileReference; lastKnownFileType = sourcecode.swift; path = LibraryViewController.swift; sourceTree = "<group>"; };
		221FFE6B2AC888000062AA32 /* AuthViewController.swift */ = {isa = PBXFileReference; lastKnownFileType = sourcecode.swift; path = AuthViewController.swift; sourceTree = "<group>"; };
		221FFE6D2AC888070062AA32 /* WelcomeViewController.swift */ = {isa = PBXFileReference; lastKnownFileType = sourcecode.swift; path = WelcomeViewController.swift; sourceTree = "<group>"; };
		221FFE6F2AC8880E0062AA32 /* SettingsViewController.swift */ = {isa = PBXFileReference; lastKnownFileType = sourcecode.swift; path = SettingsViewController.swift; sourceTree = "<group>"; };
		221FFE732AC888240062AA32 /* ProfileViewController.swift */ = {isa = PBXFileReference; lastKnownFileType = sourcecode.swift; path = ProfileViewController.swift; sourceTree = "<group>"; };
		221FFE752AC888310062AA32 /* PlayListViewController.swift */ = {isa = PBXFileReference; lastKnownFileType = sourcecode.swift; path = PlayListViewController.swift; sourceTree = "<group>"; };
		221FFE772AC8884D0062AA32 /* SearchResultViewController.swift */ = {isa = PBXFileReference; lastKnownFileType = sourcecode.swift; path = SearchResultViewController.swift; sourceTree = "<group>"; };
		221FFE792AC889110062AA32 /* AuthManager.swift */ = {isa = PBXFileReference; lastKnownFileType = sourcecode.swift; path = AuthManager.swift; sourceTree = "<group>"; };
		221FFE7B2AC889180062AA32 /* APICaller.swift */ = {isa = PBXFileReference; lastKnownFileType = sourcecode.swift; path = APICaller.swift; sourceTree = "<group>"; };
		221FFE7D2AC889240062AA32 /* HapticsManager.swift */ = {isa = PBXFileReference; lastKnownFileType = sourcecode.swift; path = HapticsManager.swift; sourceTree = "<group>"; };
		221FFE7F2AC889720062AA32 /* Playlist.swift */ = {isa = PBXFileReference; lastKnownFileType = sourcecode.swift; path = Playlist.swift; sourceTree = "<group>"; };
		221FFE812AC8897E0062AA32 /* AudioTrack.swift */ = {isa = PBXFileReference; lastKnownFileType = sourcecode.swift; path = AudioTrack.swift; sourceTree = "<group>"; };
		221FFE832AC8898C0062AA32 /* Artist.swift */ = {isa = PBXFileReference; lastKnownFileType = sourcecode.swift; path = Artist.swift; sourceTree = "<group>"; };
		221FFE852AC889930062AA32 /* UserProfile.swift */ = {isa = PBXFileReference; lastKnownFileType = sourcecode.swift; path = UserProfile.swift; sourceTree = "<group>"; };
/* End PBXFileReference section */

/* Begin PBXFrameworksBuildPhase section */
		221FFE422AC884730062AA32 /* Frameworks */ = {
			isa = PBXFrameworksBuildPhase;
			buildActionMask = 2147483647;
			files = (
			);
			runOnlyForDeploymentPostprocessing = 0;
		};
/* End PBXFrameworksBuildPhase section */

/* Begin PBXGroup section */
		221FFE3C2AC884730062AA32 = {
			isa = PBXGroup;
			children = (
				221FFE472AC884730062AA32 /* SpotifyApp */,
				221FFE462AC884730062AA32 /* Products */,
			);
			sourceTree = "<group>";
		};
		221FFE462AC884730062AA32 /* Products */ = {
			isa = PBXGroup;
			children = (
				221FFE452AC884730062AA32 /* SpotifyApp.app */,
			);
			name = Products;
			sourceTree = "<group>";
		};
		221FFE472AC884730062AA32 /* SpotifyApp */ = {
			isa = PBXGroup;
			children = (
				221FFE622AC884CB0062AA32 /* Resources */,
				221FFE612AC884C00062AA32 /* Managers */,
				221FFE5C2AC8849C0062AA32 /* Models */,
				221FFE602AC884B90062AA32 /* ViewModels */,
				221FFE5F2AC884B30062AA32 /* Controllers */,
				221FFE5E2AC884AA0062AA32 /* Views */,
				221FFE562AC884740062AA32 /* Info.plist */,
			);
			path = SpotifyApp;
			sourceTree = "<group>";
		};
		221FFE5C2AC8849C0062AA32 /* Models */ = {
			isa = PBXGroup;
			children = (
				221FFE7F2AC889720062AA32 /* Playlist.swift */,
				221FFE812AC8897E0062AA32 /* AudioTrack.swift */,
				221FFE832AC8898C0062AA32 /* Artist.swift */,
				221FFE852AC889930062AA32 /* UserProfile.swift */,
			);
			path = Models;
			sourceTree = "<group>";
		};
		221FFE5E2AC884AA0062AA32 /* Views */ = {
			isa = PBXGroup;
			children = (
				221FFE532AC884740062AA32 /* LaunchScreen.storyboard */,
			);
			path = Views;
			sourceTree = "<group>";
		};
		221FFE5F2AC884B30062AA32 /* Controllers */ = {
			isa = PBXGroup;
			children = (
				221FFE6A2AC887BF0062AA32 /* Other */,
				221FFE692AC887B20062AA32 /* Core */,
			);
			path = Controllers;
			sourceTree = "<group>";
		};
		221FFE602AC884B90062AA32 /* ViewModels */ = {
			isa = PBXGroup;
			children = (
			);
			path = ViewModels;
			sourceTree = "<group>";
		};
		221FFE612AC884C00062AA32 /* Managers */ = {
			isa = PBXGroup;
			children = (
				221FFE792AC889110062AA32 /* AuthManager.swift */,
				221FFE7B2AC889180062AA32 /* APICaller.swift */,
				221FFE7D2AC889240062AA32 /* HapticsManager.swift */,
			);
			path = Managers;
			sourceTree = "<group>";
		};
		221FFE622AC884CB0062AA32 /* Resources */ = {
			isa = PBXGroup;
			children = (
				221FFE512AC884740062AA32 /* Assets.xcassets */,
				221FFE482AC884730062AA32 /* AppDelegate.swift */,
				221FFE4A2AC884730062AA32 /* SceneDelegate.swift */,
			);
			path = Resources;
			sourceTree = "<group>";
		};
		221FFE692AC887B20062AA32 /* Core */ = {
			isa = PBXGroup;
			children = (
				221FFE4C2AC884730062AA32 /* HomeViewController.swift */,
				221FFE632AC887570062AA32 /* TabBarViewController.swift */,
				221FFE652AC887860062AA32 /* SearchViewController.swift */,
				221FFE672AC8879F0062AA32 /* LibraryViewController.swift */,
			);
			path = Core;
			sourceTree = "<group>";
		};
		221FFE6A2AC887BF0062AA32 /* Other */ = {
			isa = PBXGroup;
			children = (
				221FFE6B2AC888000062AA32 /* AuthViewController.swift */,
				221FFE6D2AC888070062AA32 /* WelcomeViewController.swift */,
				221FFE6F2AC8880E0062AA32 /* SettingsViewController.swift */,
				221FFE732AC888240062AA32 /* ProfileViewController.swift */,
				221FFE752AC888310062AA32 /* PlayListViewController.swift */,
				221FFE772AC8884D0062AA32 /* SearchResultViewController.swift */,
			);
			path = Other;
			sourceTree = "<group>";
		};
/* End PBXGroup section */

/* Begin PBXNativeTarget section */
		221FFE442AC884730062AA32 /* SpotifyApp */ = {
			isa = PBXNativeTarget;
			buildConfigurationList = 221FFE592AC884740062AA32 /* Build configuration list for PBXNativeTarget "SpotifyApp" */;
			buildPhases = (
				221FFE412AC884730062AA32 /* Sources */,
				221FFE422AC884730062AA32 /* Frameworks */,
				221FFE432AC884730062AA32 /* Resources */,
			);
			buildRules = (
			);
			dependencies = (
			);
			name = SpotifyApp;
			productName = SpotifyApp;
			productReference = 221FFE452AC884730062AA32 /* SpotifyApp.app */;
			productType = "com.apple.product-type.application";
		};
/* End PBXNativeTarget section */

/* Begin PBXProject section */
		221FFE3D2AC884730062AA32 /* Project object */ = {
			isa = PBXProject;
			attributes = {
				BuildIndependentTargetsInParallel = 1;
				LastSwiftUpdateCheck = 1420;
				LastUpgradeCheck = 1420;
				TargetAttributes = {
					221FFE442AC884730062AA32 = {
						CreatedOnToolsVersion = 14.2;
					};
				};
			};
			buildConfigurationList = 221FFE402AC884730062AA32 /* Build configuration list for PBXProject "SpotifyApp" */;
			compatibilityVersion = "Xcode 14.0";
			developmentRegion = en;
			hasScannedForEncodings = 0;
			knownRegions = (
				en,
				Base,
			);
			mainGroup = 221FFE3C2AC884730062AA32;
			productRefGroup = 221FFE462AC884730062AA32 /* Products */;
			projectDirPath = "";
			projectRoot = "";
			targets = (
				221FFE442AC884730062AA32 /* SpotifyApp */,
			);
		};
/* End PBXProject section */

/* Begin PBXResourcesBuildPhase section */
		221FFE432AC884730062AA32 /* Resources */ = {
			isa = PBXResourcesBuildPhase;
			buildActionMask = 2147483647;
			files = (
				221FFE552AC884740062AA32 /* LaunchScreen.storyboard in Resources */,
				221FFE522AC884740062AA32 /* Assets.xcassets in Resources */,
			);
			runOnlyForDeploymentPostprocessing = 0;
		};
/* End PBXResourcesBuildPhase section */

/* Begin PBXSourcesBuildPhase section */
		221FFE412AC884730062AA32 /* Sources */ = {
			isa = PBXSourcesBuildPhase;
			buildActionMask = 2147483647;
			files = (
				221FFE802AC889720062AA32 /* Playlist.swift in Sources */,
				221FFE7A2AC889110062AA32 /* AuthManager.swift in Sources */,
				221FFE662AC887860062AA32 /* SearchViewController.swift in Sources */,
				221FFE6E2AC888070062AA32 /* WelcomeViewController.swift in Sources */,
				221FFE642AC887570062AA32 /* TabBarViewController.swift in Sources */,
				221FFE4D2AC884730062AA32 /* HomeViewController.swift in Sources */,
				221FFE7E2AC889240062AA32 /* HapticsManager.swift in Sources */,
				221FFE6C2AC888000062AA32 /* AuthViewController.swift in Sources */,
				221FFE742AC888240062AA32 /* ProfileViewController.swift in Sources */,
				221FFE492AC884730062AA32 /* AppDelegate.swift in Sources */,
				221FFE762AC888310062AA32 /* PlayListViewController.swift in Sources */,
				221FFE862AC889930062AA32 /* UserProfile.swift in Sources */,
				221FFE682AC8879F0062AA32 /* LibraryViewController.swift in Sources */,
				221FFE842AC8898C0062AA32 /* Artist.swift in Sources */,
				221FFE4B2AC884730062AA32 /* SceneDelegate.swift in Sources */,
				221FFE782AC8884D0062AA32 /* SearchResultViewController.swift in Sources */,
				221FFE7C2AC889180062AA32 /* APICaller.swift in Sources */,
				221FFE702AC8880E0062AA32 /* SettingsViewController.swift in Sources */,
				221FFE822AC8897E0062AA32 /* AudioTrack.swift in Sources */,
			);
			runOnlyForDeploymentPostprocessing = 0;
		};
/* End PBXSourcesBuildPhase section */

/* Begin PBXVariantGroup section */
		221FFE532AC884740062AA32 /* LaunchScreen.storyboard */ = {
			isa = PBXVariantGroup;
			children = (
				221FFE542AC884740062AA32 /* Base */,
			);
			name = LaunchScreen.storyboard;
			sourceTree = "<group>";
		};
/* End PBXVariantGroup section */

/* Begin XCBuildConfiguration section */
		221FFE572AC884740062AA32 /* Debug */ = {
			isa = XCBuildConfiguration;
			buildSettings = {
				ALWAYS_SEARCH_USER_PATHS = NO;
				CLANG_ANALYZER_NONNULL = YES;
				CLANG_ANALYZER_NUMBER_OBJECT_CONVERSION = YES_AGGRESSIVE;
				CLANG_CXX_LANGUAGE_STANDARD = "gnu++20";
				CLANG_ENABLE_MODULES = YES;
				CLANG_ENABLE_OBJC_ARC = YES;
				CLANG_ENABLE_OBJC_WEAK = YES;
				CLANG_WARN_BLOCK_CAPTURE_AUTORELEASING = YES;
				CLANG_WARN_BOOL_CONVERSION = YES;
				CLANG_WARN_COMMA = YES;
				CLANG_WARN_CONSTANT_CONVERSION = YES;
				CLANG_WARN_DEPRECATED_OBJC_IMPLEMENTATIONS = YES;
				CLANG_WARN_DIRECT_OBJC_ISA_USAGE = YES_ERROR;
				CLANG_WARN_DOCUMENTATION_COMMENTS = YES;
				CLANG_WARN_EMPTY_BODY = YES;
				CLANG_WARN_ENUM_CONVERSION = YES;
				CLANG_WARN_INFINITE_RECURSION = YES;
				CLANG_WARN_INT_CONVERSION = YES;
				CLANG_WARN_NON_LITERAL_NULL_CONVERSION = YES;
				CLANG_WARN_OBJC_IMPLICIT_RETAIN_SELF = YES;
				CLANG_WARN_OBJC_LITERAL_CONVERSION = YES;
				CLANG_WARN_OBJC_ROOT_CLASS = YES_ERROR;
				CLANG_WARN_QUOTED_INCLUDE_IN_FRAMEWORK_HEADER = YES;
				CLANG_WARN_RANGE_LOOP_ANALYSIS = YES;
				CLANG_WARN_STRICT_PROTOTYPES = YES;
				CLANG_WARN_SUSPICIOUS_MOVE = YES;
				CLANG_WARN_UNGUARDED_AVAILABILITY = YES_AGGRESSIVE;
				CLANG_WARN_UNREACHABLE_CODE = YES;
				CLANG_WARN__DUPLICATE_METHOD_MATCH = YES;
				COPY_PHASE_STRIP = NO;
				DEBUG_INFORMATION_FORMAT = dwarf;
				ENABLE_STRICT_OBJC_MSGSEND = YES;
				ENABLE_TESTABILITY = YES;
				GCC_C_LANGUAGE_STANDARD = gnu11;
				GCC_DYNAMIC_NO_PIC = NO;
				GCC_NO_COMMON_BLOCKS = YES;
				GCC_OPTIMIZATION_LEVEL = 0;
				GCC_PREPROCESSOR_DEFINITIONS = (
					"DEBUG=1",
					"$(inherited)",
				);
				GCC_WARN_64_TO_32_BIT_CONVERSION = YES;
				GCC_WARN_ABOUT_RETURN_TYPE = YES_ERROR;
				GCC_WARN_UNDECLARED_SELECTOR = YES;
				GCC_WARN_UNINITIALIZED_AUTOS = YES_AGGRESSIVE;
				GCC_WARN_UNUSED_FUNCTION = YES;
				GCC_WARN_UNUSED_VARIABLE = YES;
				IPHONEOS_DEPLOYMENT_TARGET = 16.2;
				MTL_ENABLE_DEBUG_INFO = INCLUDE_SOURCE;
				MTL_FAST_MATH = YES;
				ONLY_ACTIVE_ARCH = YES;
				SDKROOT = iphoneos;
				SWIFT_ACTIVE_COMPILATION_CONDITIONS = DEBUG;
				SWIFT_OPTIMIZATION_LEVEL = "-Onone";
			};
			name = Debug;
		};
		221FFE582AC884740062AA32 /* Release */ = {
			isa = XCBuildConfiguration;
			buildSettings = {
				ALWAYS_SEARCH_USER_PATHS = NO;
				CLANG_ANALYZER_NONNULL = YES;
				CLANG_ANALYZER_NUMBER_OBJECT_CONVERSION = YES_AGGRESSIVE;
				CLANG_CXX_LANGUAGE_STANDARD = "gnu++20";
				CLANG_ENABLE_MODULES = YES;
				CLANG_ENABLE_OBJC_ARC = YES;
				CLANG_ENABLE_OBJC_WEAK = YES;
				CLANG_WARN_BLOCK_CAPTURE_AUTORELEASING = YES;
				CLANG_WARN_BOOL_CONVERSION = YES;
				CLANG_WARN_COMMA = YES;
				CLANG_WARN_CONSTANT_CONVERSION = YES;
				CLANG_WARN_DEPRECATED_OBJC_IMPLEMENTATIONS = YES;
				CLANG_WARN_DIRECT_OBJC_ISA_USAGE = YES_ERROR;
				CLANG_WARN_DOCUMENTATION_COMMENTS = YES;
				CLANG_WARN_EMPTY_BODY = YES;
				CLANG_WARN_ENUM_CONVERSION = YES;
				CLANG_WARN_INFINITE_RECURSION = YES;
				CLANG_WARN_INT_CONVERSION = YES;
				CLANG_WARN_NON_LITERAL_NULL_CONVERSION = YES;
				CLANG_WARN_OBJC_IMPLICIT_RETAIN_SELF = YES;
				CLANG_WARN_OBJC_LITERAL_CONVERSION = YES;
				CLANG_WARN_OBJC_ROOT_CLASS = YES_ERROR;
				CLANG_WARN_QUOTED_INCLUDE_IN_FRAMEWORK_HEADER = YES;
				CLANG_WARN_RANGE_LOOP_ANALYSIS = YES;
				CLANG_WARN_STRICT_PROTOTYPES = YES;
				CLANG_WARN_SUSPICIOUS_MOVE = YES;
				CLANG_WARN_UNGUARDED_AVAILABILITY = YES_AGGRESSIVE;
				CLANG_WARN_UNREACHABLE_CODE = YES;
				CLANG_WARN__DUPLICATE_METHOD_MATCH = YES;
				COPY_PHASE_STRIP = NO;
				DEBUG_INFORMATION_FORMAT = "dwarf-with-dsym";
				ENABLE_NS_ASSERTIONS = NO;
				ENABLE_STRICT_OBJC_MSGSEND = YES;
				GCC_C_LANGUAGE_STANDARD = gnu11;
				GCC_NO_COMMON_BLOCKS = YES;
				GCC_WARN_64_TO_32_BIT_CONVERSION = YES;
				GCC_WARN_ABOUT_RETURN_TYPE = YES_ERROR;
				GCC_WARN_UNDECLARED_SELECTOR = YES;
				GCC_WARN_UNINITIALIZED_AUTOS = YES_AGGRESSIVE;
				GCC_WARN_UNUSED_FUNCTION = YES;
				GCC_WARN_UNUSED_VARIABLE = YES;
				IPHONEOS_DEPLOYMENT_TARGET = 16.2;
				MTL_ENABLE_DEBUG_INFO = NO;
				MTL_FAST_MATH = YES;
				SDKROOT = iphoneos;
				SWIFT_COMPILATION_MODE = wholemodule;
				SWIFT_OPTIMIZATION_LEVEL = "-O";
				VALIDATE_PRODUCT = YES;
			};
			name = Release;
		};
		221FFE5A2AC884740062AA32 /* Debug */ = {
			isa = XCBuildConfiguration;
			buildSettings = {
				ASSETCATALOG_COMPILER_APPICON_NAME = AppIcon;
				ASSETCATALOG_COMPILER_GLOBAL_ACCENT_COLOR_NAME = AccentColor;
				CODE_SIGN_STYLE = Automatic;
				CURRENT_PROJECT_VERSION = 1;
				DEVELOPMENT_TEAM = 9VAC7A679V;
				GENERATE_INFOPLIST_FILE = YES;
				INFOPLIST_FILE = SpotifyApp/Info.plist;
				INFOPLIST_KEY_UIApplicationSupportsIndirectInputEvents = YES;
				INFOPLIST_KEY_UILaunchStoryboardName = LaunchScreen;
				INFOPLIST_KEY_UIMainStoryboardFile = Main;
				INFOPLIST_KEY_UISupportedInterfaceOrientations_iPad = "UIInterfaceOrientationPortrait UIInterfaceOrientationPortraitUpsideDown UIInterfaceOrientationLandscapeLeft UIInterfaceOrientationLandscapeRight";
				INFOPLIST_KEY_UISupportedInterfaceOrientations_iPhone = "UIInterfaceOrientationPortrait UIInterfaceOrientationLandscapeLeft UIInterfaceOrientationLandscapeRight";
				LD_RUNPATH_SEARCH_PATHS = (
					"$(inherited)",
					"@executable_path/Frameworks",
				);
				MARKETING_VERSION = 1.0;
				PRODUCT_BUNDLE_IDENTIFIER = com.omerfarukose.SpotifyApp;
				PRODUCT_NAME = "$(TARGET_NAME)";
				SWIFT_EMIT_LOC_STRINGS = YES;
				SWIFT_VERSION = 5.0;
				TARGETED_DEVICE_FAMILY = "1,2";
			};
			name = Debug;
		};
		221FFE5B2AC884740062AA32 /* Release */ = {
			isa = XCBuildConfiguration;
			buildSettings = {
				ASSETCATALOG_COMPILER_APPICON_NAME = AppIcon;
				ASSETCATALOG_COMPILER_GLOBAL_ACCENT_COLOR_NAME = AccentColor;
				CODE_SIGN_STYLE = Automatic;
				CURRENT_PROJECT_VERSION = 1;
				DEVELOPMENT_TEAM = 9VAC7A679V;
				GENERATE_INFOPLIST_FILE = YES;
				INFOPLIST_FILE = SpotifyApp/Info.plist;
				INFOPLIST_KEY_UIApplicationSupportsIndirectInputEvents = YES;
				INFOPLIST_KEY_UILaunchStoryboardName = LaunchScreen;
				INFOPLIST_KEY_UIMainStoryboardFile = Main;
				INFOPLIST_KEY_UISupportedInterfaceOrientations_iPad = "UIInterfaceOrientationPortrait UIInterfaceOrientationPortraitUpsideDown UIInterfaceOrientationLandscapeLeft UIInterfaceOrientationLandscapeRight";
				INFOPLIST_KEY_UISupportedInterfaceOrientations_iPhone = "UIInterfaceOrientationPortrait UIInterfaceOrientationLandscapeLeft UIInterfaceOrientationLandscapeRight";
				LD_RUNPATH_SEARCH_PATHS = (
					"$(inherited)",
					"@executable_path/Frameworks",
				);
				MARKETING_VERSION = 1.0;
				PRODUCT_BUNDLE_IDENTIFIER = com.omerfarukose.SpotifyApp;
				PRODUCT_NAME = "$(TARGET_NAME)";
				SWIFT_EMIT_LOC_STRINGS = YES;
				SWIFT_VERSION = 5.0;
				TARGETED_DEVICE_FAMILY = "1,2";
			};
			name = Release;
		};
/* End XCBuildConfiguration section */

/* Begin XCConfigurationList section */
		221FFE402AC884730062AA32 /* Build configuration list for PBXProject "SpotifyApp" */ = {
			isa = XCConfigurationList;
			buildConfigurations = (
				221FFE572AC884740062AA32 /* Debug */,
				221FFE582AC884740062AA32 /* Release */,
			);
			defaultConfigurationIsVisible = 0;
			defaultConfigurationName = Release;
		};
		221FFE592AC884740062AA32 /* Build configuration list for PBXNativeTarget "SpotifyApp" */ = {
			isa = XCConfigurationList;
			buildConfigurations = (
				221FFE5A2AC884740062AA32 /* Debug */,
				221FFE5B2AC884740062AA32 /* Release */,
			);
			defaultConfigurationIsVisible = 0;
			defaultConfigurationName = Release;
		};
/* End XCConfigurationList section */
	};
	rootObject = 221FFE3D2AC884730062AA32 /* Project object */;
}
